
Microsoft Visual Studio Solution File, Format Version 11.00
# Visual C# Express 2010
Project("{FAE04EC0-301F-11D3-BF4B-00C04F79EFBC}") = "CirclePhysics", "CirclePhysics.csproj", "{ABE42BF3-24A8-41DE-B1BF-A9CB03372AB3}"
EndProject
Project("{FAE04EC0-301F-11D3-BF4B-00C04F79EFBC}") = "GameTesting", "..\GameTesting\GameTesting\GameTesting.csproj", "{E04EE6A7-9DD8-4947-A557-82C083CE1EFB}"
EndProject
Project("{FAE04EC0-301F-11D3-BF4B-00C04F79EFBC}") = "GameTestingContent", "..\GameTesting\GameTestingContent\GameTestingContent.contentproj", "{1ADB2FDB-BE2B-4899-A78F-9463BC730688}"
EndProject
Global
	GlobalSection(SolutionConfigurationPlatforms) = preSolution
		Debug|Any CPU = Debug|Any CPU
		Debug|Mixed Platforms = Debug|Mixed Platforms
		Debug|x86 = Debug|x86
		Release|Any CPU = Release|Any CPU
		Release|Mixed Platforms = Release|Mixed Platforms
		Release|x86 = Release|x86
	EndGlobalSection
	GlobalSection(ProjectConfigurationPlatforms) = postSolution
		{ABE42BF3-24A8-41DE-B1BF-A9CB03372AB3}.Debug|Any CPU.ActiveCfg = Debug|Any CPU
		{ABE42BF3-24A8-41DE-B1BF-A9CB03372AB3}.Debug|Any CPU.Build.0 = Debug|Any CPU
		{ABE42BF3-24A8-41DE-B1BF-A9CB03372AB3}.Debug|Mixed Platforms.ActiveCfg = Debug|Any CPU
		{ABE42BF3-24A8-41DE-B1BF-A9CB03372AB3}.Debug|Mixed Platforms.Build.0 = Debug|Any CPU
		{ABE42BF3-24A8-41DE-B1BF-A9CB03372AB3}.Debug|x86.ActiveCfg = Debug|Any CPU
		{ABE42BF3-24A8-41DE-B1BF-A9CB03372AB3}.Release|Any CPU.ActiveCfg = Release|Any CPU
		{ABE42BF3-24A8-41DE-B1BF-A9CB03372AB3}.Release|Any CPU.Build.0 = Release|Any CPU
		{ABE42BF3-24A8-41DE-B1BF-A9CB03372AB3}.Release|Mixed Platforms.ActiveCfg = Release|Any CPU
		{ABE42BF3-24A8-41DE-B1BF-A9CB03372AB3}.Release|Mixed Platforms.Build.0 = Release|Any CPU
		{ABE42BF3-24A8-41DE-B1BF-A9CB03372AB3}.Release|x86.ActiveCfg = Release|Any CPU
		{E04EE6A7-9DD8-4947-A557-82C083CE1EFB}.Debug|Any CPU.ActiveCfg = Debug|x86
		{E04EE6A7-9DD8-4947-A557-82C083CE1EFB}.Debug|Mixed Platforms.ActiveCfg = Debug|x86
		{E04EE6A7-9DD8-4947-A557-82C083CE1EFB}.Debug|Mixed Platforms.Build.0 = Debug|x86
		{E04EE6A7-9DD8-4947-A557-82C083CE1EFB}.Debug|x86.ActiveCfg = Debug|x86
		{E04EE6A7-9DD8-4947-A557-82C083CE1EFB}.Debug|x86.Build.0 = Debug|x86
		{E04EE6A7-9DD8-4947-A557-82C083CE1EFB}.Release|Any CPU.ActiveCfg = Release|x86
		{E04EE6A7-9DD8-4947-A557-82C083CE1EFB}.Release|Mixed Platforms.ActiveCfg = Release|x86
		{E04EE6A7-9DD8-4947-A557-82C083CE1EFB}.Release|Mixed Platforms.Build.0 = Release|x86
		{E04EE6A7-9DD8-4947-A557-82C083CE1EFB}.Release|x86.ActiveCfg = Release|x86
		{E04EE6A7-9DD8-4947-A557-82C083CE1EFB}.Release|x86.Build.0 = Release|x86
		{1ADB2FDB-BE2B-4899-A78F-9463BC730688}.Debug|Any CPU.ActiveCfg = Debug|x86
		{1ADB2FDB-BE2B-4899-A78F-9463BC730688}.Debug|Mixed Platforms.ActiveCfg = Debug|x86
		{1ADB2FDB-BE2B-4899-A78F-9463BC730688}.Debug|x86.ActiveCfg = Debug|x86
		{1ADB2FDB-BE2B-4899-A78F-9463BC730688}.Release|Any CPU.ActiveCfg = Release|x86
		{1ADB2FDB-BE2B-4899-A78F-9463BC730688}.Release|Mixed Platforms.ActiveCfg = Release|x86
		{1ADB2FDB-BE2B-4899-A78F-9463BC730688}.Release|x86.ActiveCfg = Release|x86
	EndGlobalSection
	GlobalSection(SolutionProperties) = preSolution
		HideSolutionNode = FALSE
	EndGlobalSection
EndGlobal
